{
  "name": "byte-size",
  "version": "9.0.1",
  "lockfileVersion": 3,
  "requires": true,
  "packages": {
    "": {
      "name": "byte-size",
      "version": "9.0.1",
      "license": "MIT",
      "devDependencies": {},
      "engines": {
        "node": ">=12.17"
      },
      "peerDependencies": {
        "@75lb/nature": "latest"
      },
      "peerDependenciesMeta": {
        "@75lb/nature": {
          "optional": true
        }
      }
    }
  }
}
